<?xml version="1.0" encoding="utf-8"?>
<Project ToolsVersion="4.0" xmlns="http://schemas.microsoft.com/developer/msbuild/2003">
  <ItemGroup>
    <ClInclude Include="Trigon\renderer\Renderer.h" />
    <ClInclude Include="Trigon\math\Vector2.h" />
    <ClInclude Include="Trigon\dependencies\glad\include\glad\gl.h" />
    <ClInclude Include="Trigon\dependencies\glad\include\KHR\khrplatform.h" />
    <ClInclude Include="Trigon\dependencies\imgui\imconfig.h" />
    <ClInclude Include="Trigon\dependencies\imgui\imgui.h" />
    <ClInclude Include="Trigon\dependencies\imgui\imgui_impl_glfw.h" />
    <ClInclude Include="Trigon\dependencies\imgui\imgui_impl_opengl3.h" />
    <ClInclude Include="Trigon\dependencies\imgui\imgui_internal.h" />
    <ClInclude Include="Trigon\dependencies\imgui\imgui_single_file.h" />
    <ClInclude Include="Trigon\dependencies\imgui\imstb_rectpack.h" />
    <ClInclude Include="Trigon\dependencies\imgui\imstb_textedit.h" />
    <ClInclude Include="Trigon\dependencies\imgui\imstb_truetype.h" />
  </ItemGroup>
  <ItemGroup>
    <ClCompile Include="main.cpp" />
    <ClCompile Include="Trigon\renderer\Renderer.cpp" />
    <ClCompile Include="Trigon\math\Vector2.cpp" />
    <ClCompile Include="Trigon\dependencies\glad\src\gl.c" />
    <ClCompile Include="Trigon\dependencies\imgui\imgui.cpp" />
    <ClCompile Include="Trigon\dependencies\imgui\imgui_demo.cpp" />
    <ClCompile Include="Trigon\dependencies\imgui\imgui_draw.cpp" />
    <ClCompile Include="Trigon\dependencies\imgui\imgui_impl_glfw.cpp" />
    <ClCompile Include="Trigon\dependencies\imgui\imgui_impl_opengl3.cpp" />
    <ClCompile Include="Trigon\dependencies\imgui\imgui_tables.cpp" />
    <ClCompile Include="Trigon\dependencies\imgui\imgui_widgets.cpp" />
  </ItemGroup>
</Project>